
Microsoft Visual Studio Solution File, Format Version 12.00
# Visual Studio Version 17
VisualStudioVersion = 17.11.35303.130
MinimumVisualStudioVersion = 10.0.40219.1
Project("{FAE04EC0-301F-11D3-BF4B-00C04F79EFBC}") = "WinFormsApp1", "WinFormsApp1\WinFormsApp1.csproj", "{B844A36D-9081-46E0-8A30-7D29D23EF441}"
EndProject
Global
	GlobalSection(SolutionConfigurationPlatforms) = preSolution
		Debug|Any CPU = Debug|Any CPU
		Release|Any CPU = Release|Any CPU
	EndGlobalSection
	GlobalSection(ProjectConfigurationPlatforms) = postSolution
		{B844A36D-9081-46E0-8A30-7D29D23EF441}.Debug|Any CPU.ActiveCfg = Debug|Any CPU
		{B844A36D-9081-46E0-8A30-7D29D23EF441}.Debug|Any CPU.Build.0 = Debug|Any CPU
		{B844A36D-9081-46E0-8A30-7D29D23EF441}.Release|Any CPU.ActiveCfg = Release|Any CPU
		{B844A36D-9081-46E0-8A30-7D29D23EF441}.Release|Any CPU.Build.0 = Release|Any CPU
	EndGlobalSection
	GlobalSection(SolutionProperties) = preSolution
		HideSolutionNode = FALSE
	EndGlobalSection
	GlobalSection(ExtensibilityGlobals) = postSolution
		SolutionGuid = {7352B346-4DA0-46C2-981A-85AF4EBE0EE4}
	EndGlobalSection
EndGlobal
